
Microsoft Visual Studio Solution File, Format Version 12.00
# Visual Studio Version 17
VisualStudioVersion = 17.4.33110.190
MinimumVisualStudioVersion = 10.0.40219.1
Project("{9A19103F-16F7-4668-BE54-9A1E7A4F7556}") = "BlazorAppWasmPWALottieRive", "BlazorAppWasmPWALottieRive.csproj", "{271C3D9A-8C47-4C45-A06A-E3209E090893}"
EndProject
Global
	GlobalSection(SolutionConfigurationPlatforms) = preSolution
		Debug|Any CPU = Debug|Any CPU
		Release|Any CPU = Release|Any CPU
	EndGlobalSection
	GlobalSection(ProjectConfigurationPlatforms) = postSolution
		{271C3D9A-8C47-4C45-A06A-E3209E090893}.Debug|Any CPU.ActiveCfg = Debug|Any CPU
		{271C3D9A-8C47-4C45-A06A-E3209E090893}.Debug|Any CPU.Build.0 = Debug|Any CPU
		{271C3D9A-8C47-4C45-A06A-E3209E090893}.Release|Any CPU.ActiveCfg = Release|Any CPU
		{271C3D9A-8C47-4C45-A06A-E3209E090893}.Release|Any CPU.Build.0 = Release|Any CPU
	EndGlobalSection
	GlobalSection(SolutionProperties) = preSolution
		HideSolutionNode = FALSE
	EndGlobalSection
	GlobalSection(ExtensibilityGlobals) = postSolution
		SolutionGuid = {3348514C-610A-4C95-86A2-1578F9D1259B}
	EndGlobalSection
EndGlobal
